<?xml version="1.0" encoding="utf-8"?>
<Project ToolsVersion="4.0" xmlns="http://schemas.microsoft.com/developer/msbuild/2003">
  <ItemGroup>
    <Filter Include="Source Files">
      <UniqueIdentifier>{4FC737F1-C7A5-4376-A066-2A32D752A2FF}</UniqueIdentifier>
      <Extensions>cpp;c;cc;cxx;def;odl;idl;hpj;bat;asm;asmx</Extensions>
    </Filter>
    <Filter Include="Header Files">
      <UniqueIdentifier>{93995380-89BD-4b04-88EB-625FBE52EBFB}</UniqueIdentifier>
      <Extensions>h;hh;hpp;hxx;hm;inl;inc;ipp;xsd</Extensions>
    </Filter>
    <Filter Include="Resource Files">
      <UniqueIdentifier>{67DA6AB6-F800-4c08-8B7A-83BB121AAD01}</UniqueIdentifier>
      <Extensions>rc;ico;cur;bmp;dlg;rc2;rct;bin;rgs;gif;jpg;jpeg;jpe;resx;tiff;tif;png;wav;mfcribbon-ms</Extensions>
    </Filter>
    <Filter Include="Source Files\초급 프로그래밍">
      <UniqueIdentifier>{aac63623-605e-4060-aff1-7964cfe7b862}</UniqueIdentifier>
    </Filter>
  </ItemGroup>
  <ItemGroup>
    <ClInclude Include="pch.h">
      <Filter>Header Files</Filter>
    </ClInclude>
  </ItemGroup>
  <ItemGroup>
    <ClCompile Include="pch.cpp">
      <Filter>Source Files</Filter>
    </ClCompile>
    <ClCompile Include="char.cpp">
      <Filter>Source Files\초급 프로그래밍</Filter>
    </ClCompile>
    <ClCompile Include="String.cpp">
      <Filter>Source Files\초급 프로그래밍</Filter>
    </ClCompile>
    <ClCompile Include="Int.cpp">
      <Filter>Source Files\초급 프로그래밍</Filter>
    </ClCompile>
    <ClCompile Include="Double.cpp">
      <Filter>Source Files\초급 프로그래밍</Filter>
    </ClCompile>
    <ClCompile Include="Bool.cpp">
      <Filter>Source Files\초급 프로그래밍</Filter>
    </ClCompile>
    <ClCompile Include="=.cpp">
      <Filter>Source Files\초급 프로그래밍</Filter>
    </ClCompile>
    <ClCompile Include="+,-.cpp">
      <Filter>Source Files\초급 프로그래밍</Filter>
    </ClCompile>
    <ClCompile Include="Increment Operator.cpp">
      <Filter>Source Files\초급 프로그래밍</Filter>
    </ClCompile>
    <ClCompile Include="Relational Operator.cpp">
      <Filter>Source Files\초급 프로그래밍</Filter>
    </ClCompile>
    <ClCompile Include="Logical Operator.cpp">
      <Filter>Source Files\초급 프로그래밍</Filter>
    </ClCompile>
    <ClCompile Include="Conditional Operator.cpp">
      <Filter>Source Files\초급 프로그래밍</Filter>
    </ClCompile>
    <ClCompile Include="Comma Operator.cpp">
      <Filter>Source Files\초급 프로그래밍</Filter>
    </ClCompile>
    <ClCompile Include="Bit Operator.cpp">
      <Filter>Source Files\초급 프로그래밍</Filter>
    </ClCompile>
    <ClCompile Include="Cast Operator.cpp">
      <Filter>Source Files\초급 프로그래밍</Filter>
    </ClCompile>
    <ClCompile Include="Explicit Type Conversion.cpp">
      <Filter>Source Files\초급 프로그래밍</Filter>
    </ClCompile>
    <ClCompile Include="Sizeof().cpp">
      <Filter>Source Files\초급 프로그래밍</Filter>
    </ClCompile>
    <ClCompile Include="if~else if~else.cpp">
      <Filter>Source Files\초급 프로그래밍</Filter>
    </ClCompile>
    <ClCompile Include="FindMax(if~else).cpp">
      <Filter>Source Files\초급 프로그래밍</Filter>
    </ClCompile>
    <ClCompile Include="For~Continue~Break.cpp">
      <Filter>Source Files\초급 프로그래밍</Filter>
    </ClCompile>
    <ClCompile Include="특정 문자 개수 구하기(for).cpp">
      <Filter>Source Files\초급 프로그래밍</Filter>
    </ClCompile>
    <ClCompile Include="Fibonacci(for).cpp">
      <Filter>Source Files\초급 프로그래밍</Filter>
    </ClCompile>
    <ClCompile Include="Pyramid(for,while).cpp">
      <Filter>Source Files\초급 프로그래밍</Filter>
    </ClCompile>
    <ClCompile Include="Floor, Ceil.cpp">
      <Filter>Source Files\초급 프로그래밍</Filter>
    </ClCompile>
    <ClCompile Include="Round.cpp">
      <Filter>Source Files\초급 프로그래밍</Filter>
    </ClCompile>
    <ClCompile Include="Abs,Fabs,Pow.cpp">
      <Filter>Source Files\초급 프로그래밍</Filter>
    </ClCompile>
    <ClCompile Include="Multiplication Table%28for%29.cpp">
      <Filter>Source Files\초급 프로그래밍</Filter>
    </ClCompile>
    <ClCompile Include="Quotient,Remainder.cpp">
      <Filter>Source Files\초급 프로그래밍</Filter>
    </ClCompile>
    <ClCompile Include="Sqrt.cpp">
      <Filter>Source Files\초급 프로그래밍</Filter>
    </ClCompile>
    <ClCompile Include="Modf.cpp">
      <Filter>Source Files\초급 프로그래밍</Filter>
    </ClCompile>
    <ClCompile Include="Srand,Rand.cpp">
      <Filter>Source Files\초급 프로그래밍</Filter>
    </ClCompile>
    <ClCompile Include="Random_shuffle.cpp">
      <Filter>Source Files\초급 프로그래밍</Filter>
    </ClCompile>
    <ClCompile Include="Localtime.cpp">
      <Filter>Source Files\초급 프로그래밍</Filter>
    </ClCompile>
    <ClCompile Include="PassedTime.cpp">
      <Filter>Source Files\초급 프로그래밍</Filter>
    </ClCompile>
    <ClCompile Include="String.Compare.cpp">
      <Filter>Source Files\초급 프로그래밍</Filter>
    </ClCompile>
    <ClCompile Include="String.find.cpp">
      <Filter>Source Files\초급 프로그래밍</Filter>
    </ClCompile>
    <ClCompile Include="String.legnth.cpp">
      <Filter>Source Files\초급 프로그래밍</Filter>
    </ClCompile>
    <ClCompile Include="Toupper, Tolower.cpp">
      <Filter>Source Files\초급 프로그래밍</Filter>
    </ClCompile>
    <ClCompile Include="MergeString.cpp">
      <Filter>Source Files\초급 프로그래밍</Filter>
    </ClCompile>
    <ClCompile Include="String.Insert.cpp">
      <Filter>Source Files\초급 프로그래밍</Filter>
    </ClCompile>
    <ClCompile Include="String.erase.cpp">
      <Filter>Source Files\초급 프로그래밍</Filter>
    </ClCompile>
    <ClCompile Include="Move().cpp">
      <Filter>Source Files\초급 프로그래밍</Filter>
    </ClCompile>
    <ClCompile Include="String.Erase,String.Remove.cpp">
      <Filter>Source Files\초급 프로그래밍</Filter>
    </ClCompile>
    <ClCompile Include="String.replace.cpp">
      <Filter>Source Files\초급 프로그래밍</Filter>
    </ClCompile>
    <ClCompile Include="Stoi.cpp">
      <Filter>Source Files\초급 프로그래밍</Filter>
    </ClCompile>
    <ClCompile Include="Stringstream.cpp">
      <Filter>Source Files\초급 프로그래밍</Filter>
    </ClCompile>
  </ItemGroup>
</Project>