<?xml version="1.0" encoding="utf-8"?>
<Project ToolsVersion="4.0" xmlns="http://schemas.microsoft.com/developer/msbuild/2003">
  <ItemGroup>
    <Filter Include="Source Files">
      <UniqueIdentifier>{4FC737F1-C7A5-4376-A066-2A32D752A2FF}</UniqueIdentifier>
      <Extensions>cpp;c;cc;cxx;def;odl;idl;hpj;bat;asm;asmx</Extensions>
    </Filter>
    <Filter Include="Header Files">
      <UniqueIdentifier>{93995380-89BD-4b04-88EB-625FBE52EBFB}</UniqueIdentifier>
      <Extensions>h;hh;hpp;hxx;hm;inl;inc;ipp;xsd</Extensions>
    </Filter>
    <Filter Include="Resource Files">
      <UniqueIdentifier>{67DA6AB6-F800-4c08-8B7A-83BB121AAD01}</UniqueIdentifier>
      <Extensions>rc;ico;cur;bmp;dlg;rc2;rct;bin;rgs;gif;jpg;jpeg;jpe;resx;tiff;tif;png;wav;mfcribbon-ms</Extensions>
    </Filter>
    <Filter Include="Source Files\초급 프로그래밍">
      <UniqueIdentifier>{aac63623-605e-4060-aff1-7964cfe7b862}</UniqueIdentifier>
    </Filter>
    <Filter Include="Source Files\중급 프로그래밍">
      <UniqueIdentifier>{afdbc3a7-e9ad-4014-858e-51f0a1d9e0b5}</UniqueIdentifier>
    </Filter>
    <Filter Include="Source Files\응용 프로그래밍">
      <UniqueIdentifier>{bf1cd91e-9a65-4f6d-bc50-b036a24ca9ec}</UniqueIdentifier>
    </Filter>
  </ItemGroup>
  <ItemGroup>
    <ClInclude Include="pch.h">
      <Filter>Header Files</Filter>
    </ClInclude>
  </ItemGroup>
  <ItemGroup>
    <ClCompile Include="pch.cpp">
      <Filter>Source Files</Filter>
    </ClCompile>
    <ClCompile Include="char.cpp">
      <Filter>Source Files\초급 프로그래밍</Filter>
    </ClCompile>
    <ClCompile Include="String.cpp">
      <Filter>Source Files\초급 프로그래밍</Filter>
    </ClCompile>
    <ClCompile Include="Int.cpp">
      <Filter>Source Files\초급 프로그래밍</Filter>
    </ClCompile>
    <ClCompile Include="Double.cpp">
      <Filter>Source Files\초급 프로그래밍</Filter>
    </ClCompile>
    <ClCompile Include="Bool.cpp">
      <Filter>Source Files\초급 프로그래밍</Filter>
    </ClCompile>
    <ClCompile Include="=.cpp">
      <Filter>Source Files\초급 프로그래밍</Filter>
    </ClCompile>
    <ClCompile Include="+,-.cpp">
      <Filter>Source Files\초급 프로그래밍</Filter>
    </ClCompile>
    <ClCompile Include="Increment Operator.cpp">
      <Filter>Source Files\초급 프로그래밍</Filter>
    </ClCompile>
    <ClCompile Include="Relational Operator.cpp">
      <Filter>Source Files\초급 프로그래밍</Filter>
    </ClCompile>
    <ClCompile Include="Logical Operator.cpp">
      <Filter>Source Files\초급 프로그래밍</Filter>
    </ClCompile>
    <ClCompile Include="Conditional Operator.cpp">
      <Filter>Source Files\초급 프로그래밍</Filter>
    </ClCompile>
    <ClCompile Include="Comma Operator.cpp">
      <Filter>Source Files\초급 프로그래밍</Filter>
    </ClCompile>
    <ClCompile Include="Bit Operator.cpp">
      <Filter>Source Files\초급 프로그래밍</Filter>
    </ClCompile>
    <ClCompile Include="Cast Operator.cpp">
      <Filter>Source Files\초급 프로그래밍</Filter>
    </ClCompile>
    <ClCompile Include="Explicit Type Conversion.cpp">
      <Filter>Source Files\초급 프로그래밍</Filter>
    </ClCompile>
    <ClCompile Include="Sizeof().cpp">
      <Filter>Source Files\초급 프로그래밍</Filter>
    </ClCompile>
    <ClCompile Include="if~else if~else.cpp">
      <Filter>Source Files\초급 프로그래밍</Filter>
    </ClCompile>
    <ClCompile Include="FindMax(if~else).cpp">
      <Filter>Source Files\초급 프로그래밍</Filter>
    </ClCompile>
    <ClCompile Include="For~Continue~Break.cpp">
      <Filter>Source Files\초급 프로그래밍</Filter>
    </ClCompile>
    <ClCompile Include="특정 문자 개수 구하기(for).cpp">
      <Filter>Source Files\초급 프로그래밍</Filter>
    </ClCompile>
    <ClCompile Include="Fibonacci(for).cpp">
      <Filter>Source Files\초급 프로그래밍</Filter>
    </ClCompile>
    <ClCompile Include="Pyramid(for,while).cpp">
      <Filter>Source Files\초급 프로그래밍</Filter>
    </ClCompile>
    <ClCompile Include="Floor, Ceil.cpp">
      <Filter>Source Files\초급 프로그래밍</Filter>
    </ClCompile>
    <ClCompile Include="Round.cpp">
      <Filter>Source Files\초급 프로그래밍</Filter>
    </ClCompile>
    <ClCompile Include="Abs,Fabs,Pow.cpp">
      <Filter>Source Files\초급 프로그래밍</Filter>
    </ClCompile>
    <ClCompile Include="Multiplication Table%28for%29.cpp">
      <Filter>Source Files\초급 프로그래밍</Filter>
    </ClCompile>
    <ClCompile Include="Quotient,Remainder.cpp">
      <Filter>Source Files\초급 프로그래밍</Filter>
    </ClCompile>
    <ClCompile Include="Sqrt.cpp">
      <Filter>Source Files\초급 프로그래밍</Filter>
    </ClCompile>
    <ClCompile Include="Modf.cpp">
      <Filter>Source Files\초급 프로그래밍</Filter>
    </ClCompile>
    <ClCompile Include="Srand,Rand.cpp">
      <Filter>Source Files\초급 프로그래밍</Filter>
    </ClCompile>
    <ClCompile Include="Random_shuffle.cpp">
      <Filter>Source Files\초급 프로그래밍</Filter>
    </ClCompile>
    <ClCompile Include="Localtime.cpp">
      <Filter>Source Files\초급 프로그래밍</Filter>
    </ClCompile>
    <ClCompile Include="PassedTime.cpp">
      <Filter>Source Files\초급 프로그래밍</Filter>
    </ClCompile>
    <ClCompile Include="String.Compare.cpp">
      <Filter>Source Files\초급 프로그래밍</Filter>
    </ClCompile>
    <ClCompile Include="String.find.cpp">
      <Filter>Source Files\초급 프로그래밍</Filter>
    </ClCompile>
    <ClCompile Include="String.legnth.cpp">
      <Filter>Source Files\초급 프로그래밍</Filter>
    </ClCompile>
    <ClCompile Include="Toupper, Tolower.cpp">
      <Filter>Source Files\초급 프로그래밍</Filter>
    </ClCompile>
    <ClCompile Include="MergeString.cpp">
      <Filter>Source Files\초급 프로그래밍</Filter>
    </ClCompile>
    <ClCompile Include="String.Insert.cpp">
      <Filter>Source Files\초급 프로그래밍</Filter>
    </ClCompile>
    <ClCompile Include="String.erase.cpp">
      <Filter>Source Files\초급 프로그래밍</Filter>
    </ClCompile>
    <ClCompile Include="Move().cpp">
      <Filter>Source Files\초급 프로그래밍</Filter>
    </ClCompile>
    <ClCompile Include="String.Erase,String.Remove.cpp">
      <Filter>Source Files\초급 프로그래밍</Filter>
    </ClCompile>
    <ClCompile Include="String.replace.cpp">
      <Filter>Source Files\초급 프로그래밍</Filter>
    </ClCompile>
    <ClCompile Include="Stoi.cpp">
      <Filter>Source Files\초급 프로그래밍</Filter>
    </ClCompile>
    <ClCompile Include="Stringstream.cpp">
      <Filter>Source Files\초급 프로그래밍</Filter>
    </ClCompile>
    <ClCompile Include="Sort().cpp">
      <Filter>Source Files\초급 프로그래밍</Filter>
    </ClCompile>
    <ClCompile Include="Reverse().cpp">
      <Filter>Source Files\초급 프로그래밍</Filter>
    </ClCompile>
    <ClCompile Include="To_string().cpp">
      <Filter>Source Files\초급 프로그래밍</Filter>
    </ClCompile>
    <ClCompile Include="Min, Max.cpp">
      <Filter>Source Files\초급 프로그래밍</Filter>
    </ClCompile>
    <ClCompile Include="Pointer.cpp">
      <Filter>Source Files\초급 프로그래밍</Filter>
    </ClCompile>
    <ClCompile Include="Using Pointer.cpp">
      <Filter>Source Files\초급 프로그래밍</Filter>
    </ClCompile>
    <ClCompile Include="PointerArray.cpp">
      <Filter>Source Files\초급 프로그래밍</Filter>
    </ClCompile>
    <ClCompile Include="Local Variables.cpp">
      <Filter>Source Files\초급 프로그래밍</Filter>
    </ClCompile>
    <ClCompile Include="Global Variables.cpp">
      <Filter>Source Files\초급 프로그래밍</Filter>
    </ClCompile>
    <ClCompile Include="CallbyValue.cpp">
      <Filter>Source Files\중급 프로그래밍</Filter>
    </ClCompile>
    <ClCompile Include="CallbyReference.cpp">
      <Filter>Source Files\중급 프로그래밍</Filter>
    </ClCompile>
    <ClCompile Include="CallbyAddress.cpp">
      <Filter>Source Files\중급 프로그래밍</Filter>
    </ClCompile>
    <ClCompile Include="Const.cpp">
      <Filter>Source Files\중급 프로그래밍</Filter>
    </ClCompile>
    <ClCompile Include="ConstPointer.cpp">
      <Filter>Source Files\중급 프로그래밍</Filter>
    </ClCompile>
    <ClCompile Include="Enum.cpp">
      <Filter>Source Files\중급 프로그래밍</Filter>
    </ClCompile>
    <ClCompile Include="EnumClass.cpp">
      <Filter>Source Files\중급 프로그래밍</Filter>
    </ClCompile>
    <ClCompile Include="Single-dimentional Array.cpp">
      <Filter>Source Files\중급 프로그래밍</Filter>
    </ClCompile>
    <ClCompile Include="Single,Multi-Dimentional array.cpp">
      <Filter>Source Files\중급 프로그래밍</Filter>
    </ClCompile>
    <ClCompile Include="Array Parameter.cpp">
      <Filter>Source Files\중급 프로그래밍</Filter>
    </ClCompile>
    <ClCompile Include="Multi-Dimentional Array.cpp">
      <Filter>Source Files\중급 프로그래밍</Filter>
    </ClCompile>
    <ClCompile Include="Multi-Dementional Array Parameter.cpp">
      <Filter>Source Files\중급 프로그래밍</Filter>
    </ClCompile>
    <ClCompile Include="Fill().cpp">
      <Filter>Source Files\중급 프로그래밍</Filter>
    </ClCompile>
    <ClCompile Include="fill_n().cpp">
      <Filter>Source Files\중급 프로그래밍</Filter>
    </ClCompile>
    <ClCompile Include="Struct.cpp">
      <Filter>Source Files\중급 프로그래밍</Filter>
    </ClCompile>
    <ClCompile Include="Struct Parameter.cpp">
      <Filter>Source Files\중급 프로그래밍</Filter>
    </ClCompile>
    <ClCompile Include="Initialize Struct.cpp">
      <Filter>Source Files\중급 프로그래밍</Filter>
    </ClCompile>
    <ClCompile Include="Initialize Struct2.cpp">
      <Filter>Source Files\중급 프로그래밍</Filter>
    </ClCompile>
    <ClCompile Include="ifstream, get.cpp">
      <Filter>Source Files\중급 프로그래밍</Filter>
    </ClCompile>
    <ClCompile Include="ReadFile(Stringstream).cpp">
      <Filter>Source Files\중급 프로그래밍</Filter>
    </ClCompile>
    <ClCompile Include="Ofstream.cpp">
      <Filter>Source Files\중급 프로그래밍</Filter>
    </ClCompile>
    <ClCompile Include="Current_path%28%29.cpp">
      <Filter>Source Files\중급 프로그래밍</Filter>
    </ClCompile>
    <ClCompile Include="Exists().cpp">
      <Filter>Source Files\중급 프로그래밍</Filter>
    </ClCompile>
    <ClCompile Include="Directory_iterator().cpp">
      <Filter>Source Files\중급 프로그래밍</Filter>
    </ClCompile>
    <ClCompile Include="Filesystem.cpp">
      <Filter>Source Files\중급 프로그래밍</Filter>
    </ClCompile>
    <ClCompile Include="Ifstream.good().cpp">
      <Filter>Source Files\중급 프로그래밍</Filter>
    </ClCompile>
    <ClCompile Include="File_size%28%29.cpp">
      <Filter>Source Files\중급 프로그래밍</Filter>
    </ClCompile>
    <ClCompile Include="Class.cpp">
      <Filter>Source Files\중급 프로그래밍</Filter>
    </ClCompile>
    <ClCompile Include="Class Constructor.cpp">
      <Filter>Source Files\중급 프로그래밍</Filter>
    </ClCompile>
    <ClCompile Include="Class Multi-Constructor.cpp">
      <Filter>Source Files\중급 프로그래밍</Filter>
    </ClCompile>
    <ClCompile Include="Class default Constructor.cpp">
      <Filter>Source Files\중급 프로그래밍</Filter>
    </ClCompile>
    <ClCompile Include="Class Constructor Rest List.cpp">
      <Filter>Source Files\중급 프로그래밍</Filter>
    </ClCompile>
    <ClCompile Include="Class ~Constructor.cpp">
      <Filter>Source Files\중급 프로그래밍</Filter>
    </ClCompile>
    <ClCompile Include="New, Delete.cpp">
      <Filter>Source Files\중급 프로그래밍</Filter>
    </ClCompile>
    <ClCompile Include="Static Class.cpp">
      <Filter>Source Files\중급 프로그래밍</Filter>
    </ClCompile>
    <ClCompile Include="OOP - Hiding.cpp">
      <Filter>Source Files\중급 프로그래밍</Filter>
    </ClCompile>
    <ClCompile Include="OOP - Encapsulation.cpp">
      <Filter>Source Files\중급 프로그래밍</Filter>
    </ClCompile>
    <ClCompile Include="OOP - Inheritance.cpp">
      <Filter>Source Files\중급 프로그래밍</Filter>
    </ClCompile>
    <ClCompile Include="Has-A.cpp">
      <Filter>Source Files\중급 프로그래밍</Filter>
    </ClCompile>
    <ClCompile Include="Is-A.cpp">
      <Filter>Source Files\중급 프로그래밍</Filter>
    </ClCompile>
    <ClCompile Include="Not-A.cpp">
      <Filter>Source Files\중급 프로그래밍</Filter>
    </ClCompile>
    <ClCompile Include="Friend Class.cpp">
      <Filter>Source Files\중급 프로그래밍</Filter>
    </ClCompile>
    <ClCompile Include="Friend Function.cpp">
      <Filter>Source Files\중급 프로그래밍</Filter>
    </ClCompile>
    <ClCompile Include="Function Overloading.cpp">
      <Filter>Source Files\중급 프로그래밍</Filter>
    </ClCompile>
    <ClCompile Include="Function Overriding.cpp">
      <Filter>Source Files\중급 프로그래밍</Filter>
    </ClCompile>
    <ClCompile Include="Default Parameter.cpp">
      <Filter>Source Files\중급 프로그래밍</Filter>
    </ClCompile>
    <ClCompile Include="Type_traits(int, enum, signed).cpp">
      <Filter>Source Files\중급 프로그래밍</Filter>
    </ClCompile>
    <ClCompile Include="Type_traits(empty,array,same).cpp">
      <Filter>Source Files\중급 프로그래밍</Filter>
    </ClCompile>
    <ClCompile Include="Type_traits(conditional).cpp">
      <Filter>Source Files\중급 프로그래밍</Filter>
    </ClCompile>
    <ClCompile Include="Function Template.cpp">
      <Filter>Source Files\중급 프로그래밍</Filter>
    </ClCompile>
    <ClCompile Include="Class Template.cpp">
      <Filter>Source Files\중급 프로그래밍</Filter>
    </ClCompile>
    <ClCompile Include="Variable Argument.cpp">
      <Filter>Source Files\중급 프로그래밍</Filter>
    </ClCompile>
    <ClCompile Include="Variable Argument(C).cpp">
      <Filter>Source Files\중급 프로그래밍</Filter>
    </ClCompile>
    <ClCompile Include="Inline.cpp">
      <Filter>Source Files\중급 프로그래밍</Filter>
    </ClCompile>
    <ClCompile Include="Try catch exception.cpp">
      <Filter>Source Files\중급 프로그래밍</Filter>
    </ClCompile>
    <ClCompile Include="Try catch exception(char, int).cpp">
      <Filter>Source Files\중급 프로그래밍</Filter>
    </ClCompile>
    <ClCompile Include="Try catch exception(runtime_error).cpp">
      <Filter>Source Files\중급 프로그래밍</Filter>
    </ClCompile>
    <ClCompile Include="Thread(join, sleep).cpp">
      <Filter>Source Files\중급 프로그래밍</Filter>
    </ClCompile>
    <ClCompile Include="Thread(detach).cpp">
      <Filter>Source Files\중급 프로그래밍</Filter>
    </ClCompile>
    <ClCompile Include="Atomic(init, store, load).cpp">
      <Filter>Source Files\응용 프로그래밍</Filter>
    </ClCompile>
    <ClCompile Include="Atomic(Exchange).cpp">
      <Filter>Source Files\응용 프로그래밍</Filter>
    </ClCompile>
    <ClCompile Include="Atomic(compare_exchange_weak).cpp">
      <Filter>Source Files\응용 프로그래밍</Filter>
    </ClCompile>
    <ClCompile Include="Atomic(add, sub).cpp">
      <Filter>Source Files\응용 프로그래밍</Filter>
    </ClCompile>
    <ClCompile Include="Typedef.cpp">
      <Filter>Source Files\응용 프로그래밍</Filter>
    </ClCompile>
    <ClCompile Include="Using.cpp">
      <Filter>Source Files\응용 프로그래밍</Filter>
    </ClCompile>
    <ClCompile Include="Auto.cpp">
      <Filter>Source Files\응용 프로그래밍</Filter>
    </ClCompile>
    <ClCompile Include="Decltype.cpp">
      <Filter>Source Files\응용 프로그래밍</Filter>
    </ClCompile>
    <ClCompile Include="Constexpr.cpp">
      <Filter>Source Files\응용 프로그래밍</Filter>
    </ClCompile>
    <ClCompile Include="Pair.cpp">
      <Filter>Source Files\응용 프로그래밍</Filter>
    </ClCompile>
    <ClCompile Include="Tuple.cpp">
      <Filter>Source Files\응용 프로그래밍</Filter>
    </ClCompile>
    <ClCompile Include="Tuble(tile).cpp">
      <Filter>Source Files\응용 프로그래밍</Filter>
    </ClCompile>
    <ClCompile Include="Tuple(cat).cpp">
      <Filter>Source Files\응용 프로그래밍</Filter>
    </ClCompile>
    <ClCompile Include="Tuple(sizseof).cpp">
      <Filter>Source Files\응용 프로그래밍</Filter>
    </ClCompile>
    <ClCompile Include="Tuple(compare).cpp">
      <Filter>Source Files\응용 프로그래밍</Filter>
    </ClCompile>
    <ClCompile Include="Tuple(piecewise_construct).cpp">
      <Filter>Source Files\응용 프로그래밍</Filter>
    </ClCompile>
    <ClCompile Include="Vector.cpp">
      <Filter>Source Files\응용 프로그래밍</Filter>
    </ClCompile>
    <ClCompile Include="Vector(edit).cpp">
      <Filter>Source Files\응용 프로그래밍</Filter>
    </ClCompile>
    <ClCompile Include="Container and array copy.cpp">
      <Filter>Source Files\응용 프로그래밍</Filter>
    </ClCompile>
    <ClCompile Include="Iterator.cpp">
      <Filter>Source Files\응용 프로그래밍</Filter>
    </ClCompile>
    <ClCompile Include="List.cpp">
      <Filter>Source Files\응용 프로그래밍</Filter>
    </ClCompile>
    <ClCompile Include="List(remove, reverse).cpp">
      <Filter>Source Files\응용 프로그래밍</Filter>
    </ClCompile>
    <ClCompile Include="List(merge, splice).cpp">
      <Filter>Source Files\응용 프로그래밍</Filter>
    </ClCompile>
    <ClCompile Include="Array(fill, at, copy).cpp">
      <Filter>Source Files\응용 프로그래밍</Filter>
    </ClCompile>
    <ClCompile Include="Map(insert, at).cpp">
      <Filter>Source Files\응용 프로그래밍</Filter>
    </ClCompile>
    <ClCompile Include="Map(find, erase).cpp">
      <Filter>Source Files\응용 프로그래밍</Filter>
    </ClCompile>
    <ClCompile Include="Bitset.cpp">
      <Filter>Source Files\응용 프로그래밍</Filter>
    </ClCompile>
    <ClCompile Include="Bitset(edit).cpp">
      <Filter>Source Files\응용 프로그래밍</Filter>
    </ClCompile>
    <ClCompile Include="Bitset(operator).cpp">
      <Filter>Source Files\응용 프로그래밍</Filter>
    </ClCompile>
    <ClCompile Include="Lamda.cpp">
      <Filter>Source Files\응용 프로그래밍</Filter>
    </ClCompile>
    <ClCompile Include="Lamda(find_if).cpp">
      <Filter>Source Files\응용 프로그래밍</Filter>
    </ClCompile>
    <ClCompile Include="ForEach(C++).cpp">
      <Filter>Source Files\응용 프로그래밍</Filter>
    </ClCompile>
    <ClCompile Include="Range-Based For.cpp">
      <Filter>Source Files\응용 프로그래밍</Filter>
    </ClCompile>
    <ClCompile Include="All_of.cpp">
      <Filter>Source Files\응용 프로그래밍</Filter>
    </ClCompile>
    <ClCompile Include="Any_of.cpp">
      <Filter>Source Files\응용 프로그래밍</Filter>
    </ClCompile>
    <ClCompile Include="None_of.cpp">
      <Filter>Source Files\응용 프로그래밍</Filter>
    </ClCompile>
    <ClCompile Include="Is_sorted.cpp">
      <Filter>Source Files\응용 프로그래밍</Filter>
    </ClCompile>
    <ClCompile Include="Is_permutation.cpp">
      <Filter>Source Files\응용 프로그래밍</Filter>
    </ClCompile>
    <ClCompile Include="Minmax_element.cpp">
      <Filter>Source Files\응용 프로그래밍</Filter>
    </ClCompile>
    <ClCompile Include="Distance.cpp">
      <Filter>Source Files\응용 프로그래밍</Filter>
    </ClCompile>
    <ClCompile Include="Partition, Partition_point.cpp">
      <Filter>Source Files\응용 프로그래밍</Filter>
    </ClCompile>
    <ClCompile Include="Partition_copy.cpp">
      <Filter>Source Files\응용 프로그래밍</Filter>
    </ClCompile>
    <ClCompile Include="Copy_if.cpp">
      <Filter>Source Files\응용 프로그래밍</Filter>
    </ClCompile>
    <ClCompile Include="Copy_n.cpp">
      <Filter>Source Files\응용 프로그래밍</Filter>
    </ClCompile>
    <ClCompile Include="Set-difference.cpp">
      <Filter>Source Files\응용 프로그래밍</Filter>
    </ClCompile>
    <ClCompile Include="Isnormal.cpp">
      <Filter>Source Files\응용 프로그래밍</Filter>
    </ClCompile>
    <ClCompile Include="Not a number(isnan).cpp">
      <Filter>Source Files\응용 프로그래밍</Filter>
    </ClCompile>
    <ClCompile Include="Isgreater%28%29, Isless%28%29.cpp">
      <Filter>Source Files\응용 프로그래밍</Filter>
    </ClCompile>
    <ClCompile Include="Fdim.cpp">
      <Filter>Source Files\응용 프로그래밍</Filter>
    </ClCompile>
  </ItemGroup>
</Project>